<?xml version="1.0" encoding="utf-8"?>
<Project ToolsVersion="4.0" xmlns="http://schemas.microsoft.com/developer/msbuild/2003">
  <ItemGroup>
    <Filter Include="源文件">
      <UniqueIdentifier>{4FC737F1-C7A5-4376-A066-2A32D752A2FF}</UniqueIdentifier>
      <Extensions>cpp;c;cc;cxx;c++;cppm;ixx;def;odl;idl;hpj;bat;asm;asmx</Extensions>
    </Filter>
    <Filter Include="头文件">
      <UniqueIdentifier>{93995380-89BD-4b04-88EB-625FBE52EBFB}</UniqueIdentifier>
      <Extensions>h;hh;hpp;hxx;h++;hm;inl;inc;ipp;xsd</Extensions>
    </Filter>
    <Filter Include="资源文件">
      <UniqueIdentifier>{67DA6AB6-F800-4c08-8B7A-83BB121AAD01}</UniqueIdentifier>
      <Extensions>rc;ico;cur;bmp;dlg;rc2;rct;bin;rgs;gif;jpg;jpeg;jpe;resx;tiff;tif;png;wav;mfcribbon-ms</Extensions>
    </Filter>
    <Filter Include="头文件\Base">
      <UniqueIdentifier>{8022689c-1929-4871-8e10-707ed633c790}</UniqueIdentifier>
    </Filter>
    <Filter Include="源文件\json">
      <UniqueIdentifier>{fd9424b8-de64-40c1-8da1-7298d99b8777}</UniqueIdentifier>
    </Filter>
    <Filter Include="头文件\openssl">
      <UniqueIdentifier>{c699a4b8-7ea9-4faf-a639-3090d5e3dd43}</UniqueIdentifier>
    </Filter>
    <Filter Include="头文件\json">
      <UniqueIdentifier>{5ae3cef7-f7d0-4efb-a4d2-febce431d40a}</UniqueIdentifier>
    </Filter>
    <Filter Include="头文件\openssl\internal">
      <UniqueIdentifier>{7da05a32-615d-46bd-87da-aa3dc07aa8a9}</UniqueIdentifier>
    </Filter>
    <Filter Include="头文件\openssl\crypto">
      <UniqueIdentifier>{8ed593b9-9559-4650-b0a5-18fedc3b53ed}</UniqueIdentifier>
    </Filter>
    <Filter Include="库文件">
      <UniqueIdentifier>{49e209be-b45e-43c4-b75e-14bc5828680e}</UniqueIdentifier>
    </Filter>
    <Filter Include="库文件\openssl">
      <UniqueIdentifier>{cac24616-ae3e-41ae-bdf3-b9c86d91cfc9}</UniqueIdentifier>
    </Filter>
  </ItemGroup>
  <ItemGroup>
    <ClInclude Include="framework.h">
      <Filter>头文件\Base</Filter>
    </ClInclude>
    <ClInclude Include="Resource.h">
      <Filter>头文件\Base</Filter>
    </ClInclude>
    <ClInclude Include="VinaApp.h">
      <Filter>头文件\Base</Filter>
    </ClInclude>
    <ClInclude Include="VertexUI\vui.parser\vui.parser.basic.hpp">
      <Filter>头文件\Base</Filter>
    </ClInclude>
    <ClInclude Include="VertexUI\vui.parser\vui.parser.hpp">
      <Filter>头文件\Base</Filter>
    </ClInclude>
    <ClInclude Include="VertexUI\framework.h">
      <Filter>头文件\Base</Filter>
    </ClInclude>
    <ClInclude Include="VertexUI\VertexUI.Animation.hpp">
      <Filter>头文件\Base</Filter>
    </ClInclude>
    <ClInclude Include="VertexUI\VertexUI.ClickArea.h">
      <Filter>头文件\Base</Filter>
    </ClInclude>
    <ClInclude Include="VertexUI\VertexUI.Colors.h">
      <Filter>头文件\Base</Filter>
    </ClInclude>
    <ClInclude Include="VertexUI\VertexUI.Control.hpp">
      <Filter>头文件\Base</Filter>
    </ClInclude>
    <ClInclude Include="VertexUI\VertexUI.min.h">
      <Filter>头文件\Base</Filter>
    </ClInclude>
    <ClInclude Include="VertexUI\VertexUI.Panel.h">
      <Filter>头文件\Base</Filter>
    </ClInclude>
    <ClInclude Include="VertexUI\VertexUI.Window.hpp">
      <Filter>头文件\Base</Filter>
    </ClInclude>
    <ClInclude Include="VinaCommonCtls.hpp">
      <Filter>头文件</Filter>
    </ClInclude>
    <ClInclude Include="VinaComponents.hpp">
      <Filter>头文件</Filter>
    </ClInclude>
    <ClInclude Include="VinaInternalFunctionMapping.hpp">
      <Filter>头文件\Base</Filter>
    </ClInclude>
    <ClInclude Include="VinaWindow.hpp">
      <Filter>头文件</Filter>
    </ClInclude>
    <ClInclude Include="MainUI.hpp">
      <Filter>头文件</Filter>
    </ClInclude>
    <ClInclude Include="json\json_tool.h">
      <Filter>源文件\json</Filter>
    </ClInclude>
    <ClInclude Include="include\json\allocator.h">
      <Filter>头文件\json</Filter>
    </ClInclude>
    <ClInclude Include="include\json\assertions.h">
      <Filter>头文件\json</Filter>
    </ClInclude>
    <ClInclude Include="include\json\config.h">
      <Filter>头文件\json</Filter>
    </ClInclude>
    <ClInclude Include="include\json\forwards.h">
      <Filter>头文件\json</Filter>
    </ClInclude>
    <ClInclude Include="include\json\json.h">
      <Filter>头文件\json</Filter>
    </ClInclude>
    <ClInclude Include="include\json\json_features.h">
      <Filter>头文件\json</Filter>
    </ClInclude>
    <ClInclude Include="include\json\reader.h">
      <Filter>头文件\json</Filter>
    </ClInclude>
    <ClInclude Include="include\json\value.h">
      <Filter>头文件\json</Filter>
    </ClInclude>
    <ClInclude Include="include\json\version.h">
      <Filter>头文件\json</Filter>
    </ClInclude>
    <ClInclude Include="include\json\writer.h">
      <Filter>头文件\json</Filter>
    </ClInclude>
    <ClInclude Include="include\internal\bio_addr.h">
      <Filter>头文件\openssl\internal</Filter>
    </ClInclude>
    <ClInclude Include="include\internal\bio_tfo.h">
      <Filter>头文件\openssl\internal</Filter>
    </ClInclude>
    <ClInclude Include="include\internal\cms.h">
      <Filter>头文件\openssl\internal</Filter>
    </ClInclude>
    <ClInclude Include="include\internal\common.h">
      <Filter>头文件\openssl\internal</Filter>
    </ClInclude>
    <ClInclude Include="include\internal\comp.h">
      <Filter>头文件\openssl\internal</Filter>
    </ClInclude>
    <ClInclude Include="include\internal\conf.h">
      <Filter>头文件\openssl\internal</Filter>
    </ClInclude>
    <ClInclude Include="include\internal\constant_time.h">
      <Filter>头文件\openssl\internal</Filter>
    </ClInclude>
    <ClInclude Include="include\internal\core.h">
      <Filter>头文件\openssl\internal</Filter>
    </ClInclude>
    <ClInclude Include="include\internal\crmf.h">
      <Filter>头文件\openssl\internal</Filter>
    </ClInclude>
    <ClInclude Include="include\internal\cryptlib.h">
      <Filter>头文件\openssl\internal</Filter>
    </ClInclude>
    <ClInclude Include="include\internal\dane.h">
      <Filter>头文件\openssl\internal</Filter>
    </ClInclude>
    <ClInclude Include="include\internal\deprecated.h">
      <Filter>头文件\openssl\internal</Filter>
    </ClInclude>
    <ClInclude Include="include\internal\der.h">
      <Filter>头文件\openssl\internal</Filter>
    </ClInclude>
    <ClInclude Include="include\internal\deterministic_nonce.h">
      <Filter>头文件\openssl\internal</Filter>
    </ClInclude>
    <ClInclude Include="include\internal\dso.h">
      <Filter>头文件\openssl\internal</Filter>
    </ClInclude>
    <ClInclude Include="include\internal\dsoerr.h">
      <Filter>头文件\openssl\internal</Filter>
    </ClInclude>
    <ClInclude Include="include\internal\e_os.h">
      <Filter>头文件\openssl\internal</Filter>
    </ClInclude>
    <ClInclude Include="include\internal\e_winsock.h">
      <Filter>头文件\openssl\internal</Filter>
    </ClInclude>
    <ClInclude Include="include\internal\encoder.h">
      <Filter>头文件\openssl\internal</Filter>
    </ClInclude>
    <ClInclude Include="include\internal\endian.h">
      <Filter>头文件\openssl\internal</Filter>
    </ClInclude>
    <ClInclude Include="include\internal\err.h">
      <Filter>头文件\openssl\internal</Filter>
    </ClInclude>
    <ClInclude Include="include\internal\ffc.h">
      <Filter>头文件\openssl\internal</Filter>
    </ClInclude>
    <ClInclude Include="include\internal\fips.h">
      <Filter>头文件\openssl\internal</Filter>
    </ClInclude>
    <ClInclude Include="include\internal\hashfunc.h">
      <Filter>头文件\openssl\internal</Filter>
    </ClInclude>
    <ClInclude Include="include\internal\hashtable.h">
      <Filter>头文件\openssl\internal</Filter>
    </ClInclude>
    <ClInclude Include="include\internal\hpke_util.h">
      <Filter>头文件\openssl\internal</Filter>
    </ClInclude>
    <ClInclude Include="include\internal\json_enc.h">
      <Filter>头文件\openssl\internal</Filter>
    </ClInclude>
    <ClInclude Include="include\internal\ktls.h">
      <Filter>头文件\openssl\internal</Filter>
    </ClInclude>
    <ClInclude Include="include\internal\list.h">
      <Filter>头文件\openssl\internal</Filter>
    </ClInclude>
    <ClInclude Include="include\internal\namemap.h">
      <Filter>头文件\openssl\internal</Filter>
    </ClInclude>
    <ClInclude Include="include\internal\nelem.h">
      <Filter>头文件\openssl\internal</Filter>
    </ClInclude>
    <ClInclude Include="include\internal\numbers.h">
      <Filter>头文件\openssl\internal</Filter>
    </ClInclude>
    <ClInclude Include="include\internal\o_dir.h">
      <Filter>头文件\openssl\internal</Filter>
    </ClInclude>
    <ClInclude Include="include\internal\packet.h">
      <Filter>头文件\openssl\internal</Filter>
    </ClInclude>
    <ClInclude Include="include\internal\packet_quic.h">
      <Filter>头文件\openssl\internal</Filter>
    </ClInclude>
    <ClInclude Include="include\internal\param_build_set.h">
      <Filter>头文件\openssl\internal</Filter>
    </ClInclude>
    <ClInclude Include="include\internal\param_names.h">
      <Filter>头文件\openssl\internal</Filter>
    </ClInclude>
    <ClInclude Include="include\internal\params.h">
      <Filter>头文件\openssl\internal</Filter>
    </ClInclude>
    <ClInclude Include="include\internal\passphrase.h">
      <Filter>头文件\openssl\internal</Filter>
    </ClInclude>
    <ClInclude Include="include\internal\priority_queue.h">
      <Filter>头文件\openssl\internal</Filter>
    </ClInclude>
    <ClInclude Include="include\internal\property.h">
      <Filter>头文件\openssl\internal</Filter>
    </ClInclude>
    <ClInclude Include="include\internal\propertyerr.h">
      <Filter>头文件\openssl\internal</Filter>
    </ClInclude>
    <ClInclude Include="include\internal\provider.h">
      <Filter>头文件\openssl\internal</Filter>
    </ClInclude>
    <ClInclude Include="include\internal\qlog.h">
      <Filter>头文件\openssl\internal</Filter>
    </ClInclude>
    <ClInclude Include="include\internal\qlog_event_helpers.h">
      <Filter>头文件\openssl\internal</Filter>
    </ClInclude>
    <ClInclude Include="include\internal\qlog_events.h">
      <Filter>头文件\openssl\internal</Filter>
    </ClInclude>
    <ClInclude Include="include\internal\quic_ackm.h">
      <Filter>头文件\openssl\internal</Filter>
    </ClInclude>
    <ClInclude Include="include\internal\quic_cc.h">
      <Filter>头文件\openssl\internal</Filter>
    </ClInclude>
    <ClInclude Include="include\internal\quic_cfq.h">
      <Filter>头文件\openssl\internal</Filter>
    </ClInclude>
    <ClInclude Include="include\internal\quic_channel.h">
      <Filter>头文件\openssl\internal</Filter>
    </ClInclude>
    <ClInclude Include="include\internal\quic_demux.h">
      <Filter>头文件\openssl\internal</Filter>
    </ClInclude>
    <ClInclude Include="include\internal\quic_engine.h">
      <Filter>头文件\openssl\internal</Filter>
    </ClInclude>
    <ClInclude Include="include\internal\quic_error.h">
      <Filter>头文件\openssl\internal</Filter>
    </ClInclude>
    <ClInclude Include="include\internal\quic_fc.h">
      <Filter>头文件\openssl\internal</Filter>
    </ClInclude>
    <ClInclude Include="include\internal\quic_fifd.h">
      <Filter>头文件\openssl\internal</Filter>
    </ClInclude>
    <ClInclude Include="include\internal\quic_lcidm.h">
      <Filter>头文件\openssl\internal</Filter>
    </ClInclude>
    <ClInclude Include="include\internal\quic_port.h">
      <Filter>头文件\openssl\internal</Filter>
    </ClInclude>
    <ClInclude Include="include\internal\quic_predef.h">
      <Filter>头文件\openssl\internal</Filter>
    </ClInclude>
    <ClInclude Include="include\internal\quic_rcidm.h">
      <Filter>头文件\openssl\internal</Filter>
    </ClInclude>
    <ClInclude Include="include\internal\quic_reactor.h">
      <Filter>头文件\openssl\internal</Filter>
    </ClInclude>
    <ClInclude Include="include\internal\quic_reactor_wait_ctx.h">
      <Filter>头文件\openssl\internal</Filter>
    </ClInclude>
    <ClInclude Include="include\internal\quic_record_rx.h">
      <Filter>头文件\openssl\internal</Filter>
    </ClInclude>
    <ClInclude Include="include\internal\quic_record_tx.h">
      <Filter>头文件\openssl\internal</Filter>
    </ClInclude>
    <ClInclude Include="include\internal\quic_record_util.h">
      <Filter>头文件\openssl\internal</Filter>
    </ClInclude>
    <ClInclude Include="include\internal\quic_rx_depack.h">
      <Filter>头文件\openssl\internal</Filter>
    </ClInclude>
    <ClInclude Include="include\internal\quic_sf_list.h">
      <Filter>头文件\openssl\internal</Filter>
    </ClInclude>
    <ClInclude Include="include\internal\quic_srt_gen.h">
      <Filter>头文件\openssl\internal</Filter>
    </ClInclude>
    <ClInclude Include="include\internal\quic_srtm.h">
      <Filter>头文件\openssl\internal</Filter>
    </ClInclude>
    <ClInclude Include="include\internal\quic_ssl.h">
      <Filter>头文件\openssl\internal</Filter>
    </ClInclude>
    <ClInclude Include="include\internal\quic_statm.h">
      <Filter>头文件\openssl\internal</Filter>
    </ClInclude>
    <ClInclude Include="include\internal\quic_stream.h">
      <Filter>头文件\openssl\internal</Filter>
    </ClInclude>
    <ClInclude Include="include\internal\quic_stream_map.h">
      <Filter>头文件\openssl\internal</Filter>
    </ClInclude>
    <ClInclude Include="include\internal\quic_thread_assist.h">
      <Filter>头文件\openssl\internal</Filter>
    </ClInclude>
    <ClInclude Include="include\internal\quic_tls.h">
      <Filter>头文件\openssl\internal</Filter>
    </ClInclude>
    <ClInclude Include="include\internal\quic_trace.h">
      <Filter>头文件\openssl\internal</Filter>
    </ClInclude>
    <ClInclude Include="include\internal\quic_tserver.h">
      <Filter>头文件\openssl\internal</Filter>
    </ClInclude>
    <ClInclude Include="include\internal\quic_txp.h">
      <Filter>头文件\openssl\internal</Filter>
    </ClInclude>
    <ClInclude Include="include\internal\quic_txpim.h">
      <Filter>头文件\openssl\internal</Filter>
    </ClInclude>
    <ClInclude Include="include\internal\quic_types.h">
      <Filter>头文件\openssl\internal</Filter>
    </ClInclude>
    <ClInclude Include="include\internal\quic_vlint.h">
      <Filter>头文件\openssl\internal</Filter>
    </ClInclude>
    <ClInclude Include="include\internal\quic_wire.h">
      <Filter>头文件\openssl\internal</Filter>
    </ClInclude>
    <ClInclude Include="include\internal\quic_wire_pkt.h">
      <Filter>头文件\openssl\internal</Filter>
    </ClInclude>
    <ClInclude Include="include\internal\rcu.h">
      <Filter>头文件\openssl\internal</Filter>
    </ClInclude>
    <ClInclude Include="include\internal\recordmethod.h">
      <Filter>头文件\openssl\internal</Filter>
    </ClInclude>
    <ClInclude Include="include\internal\refcount.h">
      <Filter>头文件\openssl\internal</Filter>
    </ClInclude>
    <ClInclude Include="include\internal\ring_buf.h">
      <Filter>头文件\openssl\internal</Filter>
    </ClInclude>
    <ClInclude Include="include\internal\rio_notifier.h">
      <Filter>头文件\openssl\internal</Filter>
    </ClInclude>
    <ClInclude Include="include\internal\safe_math.h">
      <Filter>头文件\openssl\internal</Filter>
    </ClInclude>
    <ClInclude Include="include\internal\sha3.h">
      <Filter>头文件\openssl\internal</Filter>
    </ClInclude>
    <ClInclude Include="include\internal\sizes.h">
      <Filter>头文件\openssl\internal</Filter>
    </ClInclude>
    <ClInclude Include="include\internal\skey.h">
      <Filter>头文件\openssl\internal</Filter>
    </ClInclude>
    <ClInclude Include="include\internal\sm3.h">
      <Filter>头文件\openssl\internal</Filter>
    </ClInclude>
    <ClInclude Include="include\internal\sockets.h">
      <Filter>头文件\openssl\internal</Filter>
    </ClInclude>
    <ClInclude Include="include\internal\ssl.h">
      <Filter>头文件\openssl\internal</Filter>
    </ClInclude>
    <ClInclude Include="include\internal\ssl_unwrap.h">
      <Filter>头文件\openssl\internal</Filter>
    </ClInclude>
    <ClInclude Include="include\internal\ssl3_cbc.h">
      <Filter>头文件\openssl\internal</Filter>
    </ClInclude>
    <ClInclude Include="include\internal\sslconf.h">
      <Filter>头文件\openssl\internal</Filter>
    </ClInclude>
    <ClInclude Include="include\internal\statem.h">
      <Filter>头文件\openssl\internal</Filter>
    </ClInclude>
    <ClInclude Include="include\internal\symhacks.h">
      <Filter>头文件\openssl\internal</Filter>
    </ClInclude>
    <ClInclude Include="include\internal\thread.h">
      <Filter>头文件\openssl\internal</Filter>
    </ClInclude>
    <ClInclude Include="include\internal\thread_arch.h">
      <Filter>头文件\openssl\internal</Filter>
    </ClInclude>
    <ClInclude Include="include\internal\thread_once.h">
      <Filter>头文件\openssl\internal</Filter>
    </ClInclude>
    <ClInclude Include="include\internal\time.h">
      <Filter>头文件\openssl\internal</Filter>
    </ClInclude>
    <ClInclude Include="include\internal\tlsgroups.h">
      <Filter>头文件\openssl\internal</Filter>
    </ClInclude>
    <ClInclude Include="include\internal\to_hex.h">
      <Filter>头文件\openssl\internal</Filter>
    </ClInclude>
    <ClInclude Include="include\internal\tsan_assist.h">
      <Filter>头文件\openssl\internal</Filter>
    </ClInclude>
    <ClInclude Include="include\internal\uint_set.h">
      <Filter>头文件\openssl\internal</Filter>
    </ClInclude>
    <ClInclude Include="include\internal\unicode.h">
      <Filter>头文件\openssl\internal</Filter>
    </ClInclude>
    <ClInclude Include="include\internal\__DECC_INCLUDE_EPILOGUE.H">
      <Filter>头文件\openssl\internal</Filter>
    </ClInclude>
    <ClInclude Include="include\internal\__DECC_INCLUDE_PROLOGUE.H">
      <Filter>头文件\openssl\internal</Filter>
    </ClInclude>
    <ClInclude Include="include\internal\asn1.h">
      <Filter>头文件\openssl\internal</Filter>
    </ClInclude>
    <ClInclude Include="include\internal\bio.h">
      <Filter>头文件\openssl\internal</Filter>
    </ClInclude>
    <ClInclude Include="include\crypto\__DECC_INCLUDE_EPILOGUE.H">
      <Filter>头文件\openssl\crypto</Filter>
    </ClInclude>
    <ClInclude Include="include\crypto\__DECC_INCLUDE_PROLOGUE.H">
      <Filter>头文件\openssl\crypto</Filter>
    </ClInclude>
    <ClInclude Include="include\crypto\aes_platform.h">
      <Filter>头文件\openssl\crypto</Filter>
    </ClInclude>
    <ClInclude Include="include\crypto\aria.h">
      <Filter>头文件\openssl\crypto</Filter>
    </ClInclude>
    <ClInclude Include="include\crypto\asn1.h">
      <Filter>头文件\openssl\crypto</Filter>
    </ClInclude>
    <ClInclude Include="include\crypto\asn1_dsa.h">
      <Filter>头文件\openssl\crypto</Filter>
    </ClInclude>
    <ClInclude Include="include\crypto\asn1err.h">
      <Filter>头文件\openssl\crypto</Filter>
    </ClInclude>
    <ClInclude Include="include\crypto\async.h">
      <Filter>头文件\openssl\crypto</Filter>
    </ClInclude>
    <ClInclude Include="include\crypto\asyncerr.h">
      <Filter>头文件\openssl\crypto</Filter>
    </ClInclude>
    <ClInclude Include="include\crypto\bioerr.h">
      <Filter>头文件\openssl\crypto</Filter>
    </ClInclude>
    <ClInclude Include="include\crypto\bn.h">
      <Filter>头文件\openssl\crypto</Filter>
    </ClInclude>
    <ClInclude Include="include\crypto\bn_conf.h">
      <Filter>头文件\openssl\crypto</Filter>
    </ClInclude>
    <ClInclude Include="include\crypto\bn_dh.h">
      <Filter>头文件\openssl\crypto</Filter>
    </ClInclude>
    <ClInclude Include="include\crypto\bn_srp.h">
      <Filter>头文件\openssl\crypto</Filter>
    </ClInclude>
    <ClInclude Include="include\crypto\bnerr.h">
      <Filter>头文件\openssl\crypto</Filter>
    </ClInclude>
    <ClInclude Include="include\crypto\buffererr.h">
      <Filter>头文件\openssl\crypto</Filter>
    </ClInclude>
    <ClInclude Include="include\crypto\chacha.h">
      <Filter>头文件\openssl\crypto</Filter>
    </ClInclude>
    <ClInclude Include="include\crypto\cmac.h">
      <Filter>头文件\openssl\crypto</Filter>
    </ClInclude>
    <ClInclude Include="include\crypto\cmll_platform.h">
      <Filter>头文件\openssl\crypto</Filter>
    </ClInclude>
    <ClInclude Include="include\crypto\cmperr.h">
      <Filter>头文件\openssl\crypto</Filter>
    </ClInclude>
    <ClInclude Include="include\crypto\cmserr.h">
      <Filter>头文件\openssl\crypto</Filter>
    </ClInclude>
    <ClInclude Include="include\crypto\comperr.h">
      <Filter>头文件\openssl\crypto</Filter>
    </ClInclude>
    <ClInclude Include="include\crypto\conferr.h">
      <Filter>头文件\openssl\crypto</Filter>
    </ClInclude>
    <ClInclude Include="include\crypto\context.h">
      <Filter>头文件\openssl\crypto</Filter>
    </ClInclude>
    <ClInclude Include="include\crypto\crmferr.h">
      <Filter>头文件\openssl\crypto</Filter>
    </ClInclude>
    <ClInclude Include="include\crypto\cryptlib.h">
      <Filter>头文件\openssl\crypto</Filter>
    </ClInclude>
    <ClInclude Include="include\crypto\cryptoerr.h">
      <Filter>头文件\openssl\crypto</Filter>
    </ClInclude>
    <ClInclude Include="include\crypto\cterr.h">
      <Filter>头文件\openssl\crypto</Filter>
    </ClInclude>
    <ClInclude Include="include\crypto\ctype.h">
      <Filter>头文件\openssl\crypto</Filter>
    </ClInclude>
    <ClInclude Include="include\crypto\decoder.h">
      <Filter>头文件\openssl\crypto</Filter>
    </ClInclude>
    <ClInclude Include="include\crypto\decodererr.h">
      <Filter>头文件\openssl\crypto</Filter>
    </ClInclude>
    <ClInclude Include="include\crypto\des_platform.h">
      <Filter>头文件\openssl\crypto</Filter>
    </ClInclude>
    <ClInclude Include="include\crypto\dh.h">
      <Filter>头文件\openssl\crypto</Filter>
    </ClInclude>
    <ClInclude Include="include\crypto\dherr.h">
      <Filter>头文件\openssl\crypto</Filter>
    </ClInclude>
    <ClInclude Include="include\crypto\dsa.h">
      <Filter>头文件\openssl\crypto</Filter>
    </ClInclude>
    <ClInclude Include="include\crypto\dsaerr.h">
      <Filter>头文件\openssl\crypto</Filter>
    </ClInclude>
    <ClInclude Include="include\crypto\dso_conf.h">
      <Filter>头文件\openssl\crypto</Filter>
    </ClInclude>
    <ClInclude Include="include\crypto\ec.h">
      <Filter>头文件\openssl\crypto</Filter>
    </ClInclude>
    <ClInclude Include="include\crypto\ecerr.h">
      <Filter>头文件\openssl\crypto</Filter>
    </ClInclude>
    <ClInclude Include="include\crypto\ecx.h">
      <Filter>头文件\openssl\crypto</Filter>
    </ClInclude>
    <ClInclude Include="include\crypto\encoder.h">
      <Filter>头文件\openssl\crypto</Filter>
    </ClInclude>
    <ClInclude Include="include\crypto\encodererr.h">
      <Filter>头文件\openssl\crypto</Filter>
    </ClInclude>
    <ClInclude Include="include\crypto\engine.h">
      <Filter>头文件\openssl\crypto</Filter>
    </ClInclude>
    <ClInclude Include="include\crypto\engineerr.h">
      <Filter>头文件\openssl\crypto</Filter>
    </ClInclude>
    <ClInclude Include="include\crypto\err.h">
      <Filter>头文件\openssl\crypto</Filter>
    </ClInclude>
    <ClInclude Include="include\crypto\ess.h">
      <Filter>头文件\openssl\crypto</Filter>
    </ClInclude>
    <ClInclude Include="include\crypto\esserr.h">
      <Filter>头文件\openssl\crypto</Filter>
    </ClInclude>
    <ClInclude Include="include\crypto\evp.h">
      <Filter>头文件\openssl\crypto</Filter>
    </ClInclude>
    <ClInclude Include="include\crypto\evperr.h">
      <Filter>头文件\openssl\crypto</Filter>
    </ClInclude>
    <ClInclude Include="include\crypto\httperr.h">
      <Filter>头文件\openssl\crypto</Filter>
    </ClInclude>
    <ClInclude Include="include\crypto\lhash.h">
      <Filter>头文件\openssl\crypto</Filter>
    </ClInclude>
    <ClInclude Include="include\crypto\md32_common.h">
      <Filter>头文件\openssl\crypto</Filter>
    </ClInclude>
    <ClInclude Include="include\crypto\ml_dsa.h">
      <Filter>头文件\openssl\crypto</Filter>
    </ClInclude>
    <ClInclude Include="include\crypto\ml_kem.h">
      <Filter>头文件\openssl\crypto</Filter>
    </ClInclude>
    <ClInclude Include="include\crypto\modes.h">
      <Filter>头文件\openssl\crypto</Filter>
    </ClInclude>
    <ClInclude Include="include\crypto\objects.h">
      <Filter>头文件\openssl\crypto</Filter>
    </ClInclude>
    <ClInclude Include="include\crypto\objectserr.h">
      <Filter>头文件\openssl\crypto</Filter>
    </ClInclude>
    <ClInclude Include="include\crypto\ocsperr.h">
      <Filter>头文件\openssl\crypto</Filter>
    </ClInclude>
    <ClInclude Include="include\crypto\pem.h">
      <Filter>头文件\openssl\crypto</Filter>
    </ClInclude>
    <ClInclude Include="include\crypto\pemerr.h">
      <Filter>头文件\openssl\crypto</Filter>
    </ClInclude>
    <ClInclude Include="include\crypto\pkcs7.h">
      <Filter>头文件\openssl\crypto</Filter>
    </ClInclude>
    <ClInclude Include="include\crypto\pkcs7err.h">
      <Filter>头文件\openssl\crypto</Filter>
    </ClInclude>
    <ClInclude Include="include\crypto\pkcs12err.h">
      <Filter>头文件\openssl\crypto</Filter>
    </ClInclude>
    <ClInclude Include="include\crypto\poly1305.h">
      <Filter>头文件\openssl\crypto</Filter>
    </ClInclude>
    <ClInclude Include="include\crypto\ppc_arch.h">
      <Filter>头文件\openssl\crypto</Filter>
    </ClInclude>
    <ClInclude Include="include\crypto\punycode.h">
      <Filter>头文件\openssl\crypto</Filter>
    </ClInclude>
    <ClInclude Include="include\crypto\rand.h">
      <Filter>头文件\openssl\crypto</Filter>
    </ClInclude>
    <ClInclude Include="include\crypto\rand_pool.h">
      <Filter>头文件\openssl\crypto</Filter>
    </ClInclude>
    <ClInclude Include="include\crypto\randerr.h">
      <Filter>头文件\openssl\crypto</Filter>
    </ClInclude>
    <ClInclude Include="include\crypto\riscv_arch.h">
      <Filter>头文件\openssl\crypto</Filter>
    </ClInclude>
    <ClInclude Include="include\crypto\rsa.h">
      <Filter>头文件\openssl\crypto</Filter>
    </ClInclude>
    <ClInclude Include="include\crypto\rsaerr.h">
      <Filter>头文件\openssl\crypto</Filter>
    </ClInclude>
    <ClInclude Include="include\crypto\security_bits.h">
      <Filter>头文件\openssl\crypto</Filter>
    </ClInclude>
    <ClInclude Include="include\crypto\sha.h">
      <Filter>头文件\openssl\crypto</Filter>
    </ClInclude>
    <ClInclude Include="include\crypto\siphash.h">
      <Filter>头文件\openssl\crypto</Filter>
    </ClInclude>
    <ClInclude Include="include\crypto\siv.h">
      <Filter>头文件\openssl\crypto</Filter>
    </ClInclude>
    <ClInclude Include="include\crypto\slh_dsa.h">
      <Filter>头文件\openssl\crypto</Filter>
    </ClInclude>
    <ClInclude Include="include\crypto\sm2.h">
      <Filter>头文件\openssl\crypto</Filter>
    </ClInclude>
    <ClInclude Include="include\crypto\sm2err.h">
      <Filter>头文件\openssl\crypto</Filter>
    </ClInclude>
    <ClInclude Include="include\crypto\sm4.h">
      <Filter>头文件\openssl\crypto</Filter>
    </ClInclude>
    <ClInclude Include="include\crypto\sm4_platform.h">
      <Filter>头文件\openssl\crypto</Filter>
    </ClInclude>
    <ClInclude Include="include\crypto\sparc_arch.h">
      <Filter>头文件\openssl\crypto</Filter>
    </ClInclude>
    <ClInclude Include="include\crypto\sparse_array.h">
      <Filter>头文件\openssl\crypto</Filter>
    </ClInclude>
    <ClInclude Include="include\crypto\store.h">
      <Filter>头文件\openssl\crypto</Filter>
    </ClInclude>
    <ClInclude Include="include\crypto\storeerr.h">
      <Filter>头文件\openssl\crypto</Filter>
    </ClInclude>
    <ClInclude Include="include\crypto\tserr.h">
      <Filter>头文件\openssl\crypto</Filter>
    </ClInclude>
    <ClInclude Include="include\crypto\types.h">
      <Filter>头文件\openssl\crypto</Filter>
    </ClInclude>
    <ClInclude Include="include\crypto\uierr.h">
      <Filter>头文件\openssl\crypto</Filter>
    </ClInclude>
    <ClInclude Include="include\crypto\x509.h">
      <Filter>头文件\openssl\crypto</Filter>
    </ClInclude>
    <ClInclude Include="include\crypto\x509_acert.h">
      <Filter>头文件\openssl\crypto</Filter>
    </ClInclude>
    <ClInclude Include="include\crypto\x509err.h">
      <Filter>头文件\openssl\crypto</Filter>
    </ClInclude>
    <ClInclude Include="include\crypto\x509v3err.h">
      <Filter>头文件\openssl\crypto</Filter>
    </ClInclude>
    <ClInclude Include="include\openssl\asn1.h">
      <Filter>头文件\openssl</Filter>
    </ClInclude>
    <ClInclude Include="include\openssl\asn1err.h">
      <Filter>头文件\openssl</Filter>
    </ClInclude>
    <ClInclude Include="include\openssl\asn1t.h">
      <Filter>头文件\openssl</Filter>
    </ClInclude>
    <ClInclude Include="include\openssl\async.h">
      <Filter>头文件\openssl</Filter>
    </ClInclude>
    <ClInclude Include="include\openssl\asyncerr.h">
      <Filter>头文件\openssl</Filter>
    </ClInclude>
    <ClInclude Include="include\openssl\bio.h">
      <Filter>头文件\openssl</Filter>
    </ClInclude>
    <ClInclude Include="include\openssl\bioerr.h">
      <Filter>头文件\openssl</Filter>
    </ClInclude>
    <ClInclude Include="include\openssl\blowfish.h">
      <Filter>头文件\openssl</Filter>
    </ClInclude>
    <ClInclude Include="include\openssl\bn.h">
      <Filter>头文件\openssl</Filter>
    </ClInclude>
    <ClInclude Include="include\openssl\bnerr.h">
      <Filter>头文件\openssl</Filter>
    </ClInclude>
    <ClInclude Include="include\openssl\buffer.h">
      <Filter>头文件\openssl</Filter>
    </ClInclude>
    <ClInclude Include="include\openssl\buffererr.h">
      <Filter>头文件\openssl</Filter>
    </ClInclude>
    <ClInclude Include="include\openssl\byteorder.h">
      <Filter>头文件\openssl</Filter>
    </ClInclude>
    <ClInclude Include="include\openssl\camellia.h">
      <Filter>头文件\openssl</Filter>
    </ClInclude>
    <ClInclude Include="include\openssl\cast.h">
      <Filter>头文件\openssl</Filter>
    </ClInclude>
    <ClInclude Include="include\openssl\cmac.h">
      <Filter>头文件\openssl</Filter>
    </ClInclude>
    <ClInclude Include="include\openssl\cmp.h">
      <Filter>头文件\openssl</Filter>
    </ClInclude>
    <ClInclude Include="include\openssl\cmp_util.h">
      <Filter>头文件\openssl</Filter>
    </ClInclude>
    <ClInclude Include="include\openssl\cmperr.h">
      <Filter>头文件\openssl</Filter>
    </ClInclude>
    <ClInclude Include="include\openssl\cms.h">
      <Filter>头文件\openssl</Filter>
    </ClInclude>
    <ClInclude Include="include\openssl\cmserr.h">
      <Filter>头文件\openssl</Filter>
    </ClInclude>
    <ClInclude Include="include\openssl\comp.h">
      <Filter>头文件\openssl</Filter>
    </ClInclude>
    <ClInclude Include="include\openssl\comperr.h">
      <Filter>头文件\openssl</Filter>
    </ClInclude>
    <ClInclude Include="include\openssl\conf.h">
      <Filter>头文件\openssl</Filter>
    </ClInclude>
    <ClInclude Include="include\openssl\conf_api.h">
      <Filter>头文件\openssl</Filter>
    </ClInclude>
    <ClInclude Include="include\openssl\conferr.h">
      <Filter>头文件\openssl</Filter>
    </ClInclude>
    <ClInclude Include="include\openssl\configuration.h">
      <Filter>头文件\openssl</Filter>
    </ClInclude>
    <ClInclude Include="include\openssl\conftypes.h">
      <Filter>头文件\openssl</Filter>
    </ClInclude>
    <ClInclude Include="include\openssl\core.h">
      <Filter>头文件\openssl</Filter>
    </ClInclude>
    <ClInclude Include="include\openssl\core_dispatch.h">
      <Filter>头文件\openssl</Filter>
    </ClInclude>
    <ClInclude Include="include\openssl\core_names.h">
      <Filter>头文件\openssl</Filter>
    </ClInclude>
    <ClInclude Include="include\openssl\core_object.h">
      <Filter>头文件\openssl</Filter>
    </ClInclude>
    <ClInclude Include="include\openssl\crmf.h">
      <Filter>头文件\openssl</Filter>
    </ClInclude>
    <ClInclude Include="include\openssl\crmferr.h">
      <Filter>头文件\openssl</Filter>
    </ClInclude>
    <ClInclude Include="include\openssl\crypto.h">
      <Filter>头文件\openssl</Filter>
    </ClInclude>
    <ClInclude Include="include\openssl\cryptoerr.h">
      <Filter>头文件\openssl</Filter>
    </ClInclude>
    <ClInclude Include="include\openssl\cryptoerr_legacy.h">
      <Filter>头文件\openssl</Filter>
    </ClInclude>
    <ClInclude Include="include\openssl\ct.h">
      <Filter>头文件\openssl</Filter>
    </ClInclude>
    <ClInclude Include="include\openssl\cterr.h">
      <Filter>头文件\openssl</Filter>
    </ClInclude>
    <ClInclude Include="include\openssl\decoder.h">
      <Filter>头文件\openssl</Filter>
    </ClInclude>
    <ClInclude Include="include\openssl\decodererr.h">
      <Filter>头文件\openssl</Filter>
    </ClInclude>
    <ClInclude Include="include\openssl\des.h">
      <Filter>头文件\openssl</Filter>
    </ClInclude>
    <ClInclude Include="include\openssl\dh.h">
      <Filter>头文件\openssl</Filter>
    </ClInclude>
    <ClInclude Include="include\openssl\dherr.h">
      <Filter>头文件\openssl</Filter>
    </ClInclude>
    <ClInclude Include="include\openssl\dsa.h">
      <Filter>头文件\openssl</Filter>
    </ClInclude>
    <ClInclude Include="include\openssl\dsaerr.h">
      <Filter>头文件\openssl</Filter>
    </ClInclude>
    <ClInclude Include="include\openssl\dtls1.h">
      <Filter>头文件\openssl</Filter>
    </ClInclude>
    <ClInclude Include="include\openssl\e_os2.h">
      <Filter>头文件\openssl</Filter>
    </ClInclude>
    <ClInclude Include="include\openssl\e_ostime.h">
      <Filter>头文件\openssl</Filter>
    </ClInclude>
    <ClInclude Include="include\openssl\ebcdic.h">
      <Filter>头文件\openssl</Filter>
    </ClInclude>
    <ClInclude Include="include\openssl\ec.h">
      <Filter>头文件\openssl</Filter>
    </ClInclude>
    <ClInclude Include="include\openssl\ecdh.h">
      <Filter>头文件\openssl</Filter>
    </ClInclude>
    <ClInclude Include="include\openssl\ecdsa.h">
      <Filter>头文件\openssl</Filter>
    </ClInclude>
    <ClInclude Include="include\openssl\ecerr.h">
      <Filter>头文件\openssl</Filter>
    </ClInclude>
    <ClInclude Include="include\openssl\encoder.h">
      <Filter>头文件\openssl</Filter>
    </ClInclude>
    <ClInclude Include="include\openssl\encodererr.h">
      <Filter>头文件\openssl</Filter>
    </ClInclude>
    <ClInclude Include="include\openssl\engine.h">
      <Filter>头文件\openssl</Filter>
    </ClInclude>
    <ClInclude Include="include\openssl\engineerr.h">
      <Filter>头文件\openssl</Filter>
    </ClInclude>
    <ClInclude Include="include\openssl\err.h">
      <Filter>头文件\openssl</Filter>
    </ClInclude>
    <ClInclude Include="include\openssl\ess.h">
      <Filter>头文件\openssl</Filter>
    </ClInclude>
    <ClInclude Include="include\openssl\esserr.h">
      <Filter>头文件\openssl</Filter>
    </ClInclude>
    <ClInclude Include="include\openssl\evp.h">
      <Filter>头文件\openssl</Filter>
    </ClInclude>
    <ClInclude Include="include\openssl\evperr.h">
      <Filter>头文件\openssl</Filter>
    </ClInclude>
    <ClInclude Include="include\openssl\fips_names.h">
      <Filter>头文件\openssl</Filter>
    </ClInclude>
    <ClInclude Include="include\openssl\fipskey.h">
      <Filter>头文件\openssl</Filter>
    </ClInclude>
    <ClInclude Include="include\openssl\hmac.h">
      <Filter>头文件\openssl</Filter>
    </ClInclude>
    <ClInclude Include="include\openssl\hpke.h">
      <Filter>头文件\openssl</Filter>
    </ClInclude>
    <ClInclude Include="include\openssl\http.h">
      <Filter>头文件\openssl</Filter>
    </ClInclude>
    <ClInclude Include="include\openssl\httperr.h">
      <Filter>头文件\openssl</Filter>
    </ClInclude>
    <ClInclude Include="include\openssl\idea.h">
      <Filter>头文件\openssl</Filter>
    </ClInclude>
    <ClInclude Include="include\openssl\indicator.h">
      <Filter>头文件\openssl</Filter>
    </ClInclude>
    <ClInclude Include="include\openssl\kdf.h">
      <Filter>头文件\openssl</Filter>
    </ClInclude>
    <ClInclude Include="include\openssl\kdferr.h">
      <Filter>头文件\openssl</Filter>
    </ClInclude>
    <ClInclude Include="include\openssl\lhash.h">
      <Filter>头文件\openssl</Filter>
    </ClInclude>
    <ClInclude Include="include\openssl\macros.h">
      <Filter>头文件\openssl</Filter>
    </ClInclude>
    <ClInclude Include="include\openssl\md2.h">
      <Filter>头文件\openssl</Filter>
    </ClInclude>
    <ClInclude Include="include\openssl\md4.h">
      <Filter>头文件\openssl</Filter>
    </ClInclude>
    <ClInclude Include="include\openssl\md5.h">
      <Filter>头文件\openssl</Filter>
    </ClInclude>
    <ClInclude Include="include\openssl\mdc2.h">
      <Filter>头文件\openssl</Filter>
    </ClInclude>
    <ClInclude Include="include\openssl\ml_kem.h">
      <Filter>头文件\openssl</Filter>
    </ClInclude>
    <ClInclude Include="include\openssl\modes.h">
      <Filter>头文件\openssl</Filter>
    </ClInclude>
    <ClInclude Include="include\openssl\obj_mac.h">
      <Filter>头文件\openssl</Filter>
    </ClInclude>
    <ClInclude Include="include\openssl\objects.h">
      <Filter>头文件\openssl</Filter>
    </ClInclude>
    <ClInclude Include="include\openssl\objectserr.h">
      <Filter>头文件\openssl</Filter>
    </ClInclude>
    <ClInclude Include="include\openssl\ocsp.h">
      <Filter>头文件\openssl</Filter>
    </ClInclude>
    <ClInclude Include="include\openssl\ocsperr.h">
      <Filter>头文件\openssl</Filter>
    </ClInclude>
    <ClInclude Include="include\openssl\opensslconf.h">
      <Filter>头文件\openssl</Filter>
    </ClInclude>
    <ClInclude Include="include\openssl\opensslv.h">
      <Filter>头文件\openssl</Filter>
    </ClInclude>
    <ClInclude Include="include\openssl\ossl_typ.h">
      <Filter>头文件\openssl</Filter>
    </ClInclude>
    <ClInclude Include="include\openssl\param_build.h">
      <Filter>头文件\openssl</Filter>
    </ClInclude>
    <ClInclude Include="include\openssl\params.h">
      <Filter>头文件\openssl</Filter>
    </ClInclude>
    <ClInclude Include="include\openssl\pem.h">
      <Filter>头文件\openssl</Filter>
    </ClInclude>
    <ClInclude Include="include\openssl\pem2.h">
      <Filter>头文件\openssl</Filter>
    </ClInclude>
    <ClInclude Include="include\openssl\pemerr.h">
      <Filter>头文件\openssl</Filter>
    </ClInclude>
    <ClInclude Include="include\openssl\pkcs7.h">
      <Filter>头文件\openssl</Filter>
    </ClInclude>
    <ClInclude Include="include\openssl\pkcs7err.h">
      <Filter>头文件\openssl</Filter>
    </ClInclude>
    <ClInclude Include="include\openssl\pkcs12.h">
      <Filter>头文件\openssl</Filter>
    </ClInclude>
    <ClInclude Include="include\openssl\pkcs12err.h">
      <Filter>头文件\openssl</Filter>
    </ClInclude>
    <ClInclude Include="include\openssl\prov_ssl.h">
      <Filter>头文件\openssl</Filter>
    </ClInclude>
    <ClInclude Include="include\openssl\proverr.h">
      <Filter>头文件\openssl</Filter>
    </ClInclude>
    <ClInclude Include="include\openssl\provider.h">
      <Filter>头文件\openssl</Filter>
    </ClInclude>
    <ClInclude Include="include\openssl\quic.h">
      <Filter>头文件\openssl</Filter>
    </ClInclude>
    <ClInclude Include="include\openssl\rand.h">
      <Filter>头文件\openssl</Filter>
    </ClInclude>
    <ClInclude Include="include\openssl\randerr.h">
      <Filter>头文件\openssl</Filter>
    </ClInclude>
    <ClInclude Include="include\openssl\rc2.h">
      <Filter>头文件\openssl</Filter>
    </ClInclude>
    <ClInclude Include="include\openssl\rc4.h">
      <Filter>头文件\openssl</Filter>
    </ClInclude>
    <ClInclude Include="include\openssl\rc5.h">
      <Filter>头文件\openssl</Filter>
    </ClInclude>
    <ClInclude Include="include\openssl\ripemd.h">
      <Filter>头文件\openssl</Filter>
    </ClInclude>
    <ClInclude Include="include\openssl\rsa.h">
      <Filter>头文件\openssl</Filter>
    </ClInclude>
    <ClInclude Include="include\openssl\rsaerr.h">
      <Filter>头文件\openssl</Filter>
    </ClInclude>
    <ClInclude Include="include\openssl\safestack.h">
      <Filter>头文件\openssl</Filter>
    </ClInclude>
    <ClInclude Include="include\openssl\seed.h">
      <Filter>头文件\openssl</Filter>
    </ClInclude>
    <ClInclude Include="include\openssl\self_test.h">
      <Filter>头文件\openssl</Filter>
    </ClInclude>
    <ClInclude Include="include\openssl\sha.h">
      <Filter>头文件\openssl</Filter>
    </ClInclude>
    <ClInclude Include="include\openssl\srp.h">
      <Filter>头文件\openssl</Filter>
    </ClInclude>
    <ClInclude Include="include\openssl\srtp.h">
      <Filter>头文件\openssl</Filter>
    </ClInclude>
    <ClInclude Include="include\openssl\ssl.h">
      <Filter>头文件\openssl</Filter>
    </ClInclude>
    <ClInclude Include="include\openssl\ssl2.h">
      <Filter>头文件\openssl</Filter>
    </ClInclude>
    <ClInclude Include="include\openssl\ssl3.h">
      <Filter>头文件\openssl</Filter>
    </ClInclude>
    <ClInclude Include="include\openssl\sslerr.h">
      <Filter>头文件\openssl</Filter>
    </ClInclude>
    <ClInclude Include="include\openssl\sslerr_legacy.h">
      <Filter>头文件\openssl</Filter>
    </ClInclude>
    <ClInclude Include="include\openssl\stack.h">
      <Filter>头文件\openssl</Filter>
    </ClInclude>
    <ClInclude Include="include\openssl\store.h">
      <Filter>头文件\openssl</Filter>
    </ClInclude>
    <ClInclude Include="include\openssl\storeerr.h">
      <Filter>头文件\openssl</Filter>
    </ClInclude>
    <ClInclude Include="include\openssl\symhacks.h">
      <Filter>头文件\openssl</Filter>
    </ClInclude>
    <ClInclude Include="include\openssl\thread.h">
      <Filter>头文件\openssl</Filter>
    </ClInclude>
    <ClInclude Include="include\openssl\tls1.h">
      <Filter>头文件\openssl</Filter>
    </ClInclude>
    <ClInclude Include="include\openssl\trace.h">
      <Filter>头文件\openssl</Filter>
    </ClInclude>
    <ClInclude Include="include\openssl\ts.h">
      <Filter>头文件\openssl</Filter>
    </ClInclude>
    <ClInclude Include="include\openssl\tserr.h">
      <Filter>头文件\openssl</Filter>
    </ClInclude>
    <ClInclude Include="include\openssl\txt_db.h">
      <Filter>头文件\openssl</Filter>
    </ClInclude>
    <ClInclude Include="include\openssl\types.h">
      <Filter>头文件\openssl</Filter>
    </ClInclude>
    <ClInclude Include="include\openssl\ui.h">
      <Filter>头文件\openssl</Filter>
    </ClInclude>
    <ClInclude Include="include\openssl\uierr.h">
      <Filter>头文件\openssl</Filter>
    </ClInclude>
    <ClInclude Include="include\openssl\whrlpool.h">
      <Filter>头文件\openssl</Filter>
    </ClInclude>
    <ClInclude Include="include\openssl\x509.h">
      <Filter>头文件\openssl</Filter>
    </ClInclude>
    <ClInclude Include="include\openssl\x509_acert.h">
      <Filter>头文件\openssl</Filter>
    </ClInclude>
    <ClInclude Include="include\openssl\x509_vfy.h">
      <Filter>头文件\openssl</Filter>
    </ClInclude>
    <ClInclude Include="include\openssl\x509err.h">
      <Filter>头文件\openssl</Filter>
    </ClInclude>
    <ClInclude Include="include\openssl\x509v3.h">
      <Filter>头文件\openssl</Filter>
    </ClInclude>
    <ClInclude Include="include\openssl\x509v3err.h">
      <Filter>头文件\openssl</Filter>
    </ClInclude>
    <ClInclude Include="include\openssl\__DECC_INCLUDE_EPILOGUE.H">
      <Filter>头文件\openssl</Filter>
    </ClInclude>
    <ClInclude Include="include\openssl\__DECC_INCLUDE_PROLOGUE.H">
      <Filter>头文件\openssl</Filter>
    </ClInclude>
    <ClInclude Include="include\openssl\aes.h">
      <Filter>头文件\openssl</Filter>
    </ClInclude>
    <ClInclude Include="include\httplib.h">
      <Filter>头文件</Filter>
    </ClInclude>
  </ItemGroup>
  <ItemGroup>
    <ClCompile Include="VinaApp.cpp">
      <Filter>源文件</Filter>
    </ClCompile>
    <ClCompile Include="VertexUI\vui.parser\main.cpp">
      <Filter>头文件\Base</Filter>
    </ClCompile>
    <ClCompile Include="json\json_reader.cpp">
      <Filter>源文件\json</Filter>
    </ClCompile>
    <ClCompile Include="json\json_value.cpp">
      <Filter>源文件\json</Filter>
    </ClCompile>
    <ClCompile Include="json\json_writer.cpp">
      <Filter>源文件\json</Filter>
    </ClCompile>
  </ItemGroup>
  <ItemGroup>
    <ResourceCompile Include="VinaApp.rc">
      <Filter>资源文件</Filter>
    </ResourceCompile>
  </ItemGroup>
  <ItemGroup>
    <Image Include="small.ico">
      <Filter>资源文件</Filter>
    </Image>
    <Image Include="VinaApp.ico">
      <Filter>资源文件</Filter>
    </Image>
  </ItemGroup>
  <ItemGroup>
    <None Include="VertexUI\VertexUI">
      <Filter>头文件\Base</Filter>
    </None>
    <None Include="json\json_valueiterator.inl">
      <Filter>源文件\json</Filter>
    </None>
    <None Include="include\internal\param_names.h.in">
      <Filter>头文件\openssl\internal</Filter>
    </None>
    <None Include="include\crypto\bn_conf.h.in">
      <Filter>头文件\openssl\crypto</Filter>
    </None>
    <None Include="include\crypto\dso_conf.h.in">
      <Filter>头文件\openssl\crypto</Filter>
    </None>
    <None Include="include\crypto\riscv_arch.def">
      <Filter>头文件\openssl\crypto</Filter>
    </None>
    <None Include="include\openssl\asn1.h.in">
      <Filter>头文件\openssl</Filter>
    </None>
    <None Include="include\openssl\asn1t.h.in">
      <Filter>头文件\openssl</Filter>
    </None>
    <None Include="include\openssl\bio.h.in">
      <Filter>头文件\openssl</Filter>
    </None>
    <None Include="include\openssl\cmp.h.in">
      <Filter>头文件\openssl</Filter>
    </None>
    <None Include="include\openssl\cms.h.in">
      <Filter>头文件\openssl</Filter>
    </None>
    <None Include="include\openssl\comp.h.in">
      <Filter>头文件\openssl</Filter>
    </None>
    <None Include="include\openssl\conf.h.in">
      <Filter>头文件\openssl</Filter>
    </None>
    <None Include="include\openssl\configuration.h.in">
      <Filter>头文件\openssl</Filter>
    </None>
    <None Include="include\openssl\core_names.h.in">
      <Filter>头文件\openssl</Filter>
    </None>
    <None Include="include\openssl\crmf.h.in">
      <Filter>头文件\openssl</Filter>
    </None>
    <None Include="include\openssl\crypto.h.in">
      <Filter>头文件\openssl</Filter>
    </None>
    <None Include="include\openssl\ct.h.in">
      <Filter>头文件\openssl</Filter>
    </None>
    <None Include="include\openssl\err.h.in">
      <Filter>头文件\openssl</Filter>
    </None>
    <None Include="include\openssl\ess.h.in">
      <Filter>头文件\openssl</Filter>
    </None>
    <None Include="include\openssl\fipskey.h.in">
      <Filter>头文件\openssl</Filter>
    </None>
    <None Include="include\openssl\lhash.h.in">
      <Filter>头文件\openssl</Filter>
    </None>
    <None Include="include\openssl\ocsp.h.in">
      <Filter>头文件\openssl</Filter>
    </None>
    <None Include="include\openssl\opensslv.h.in">
      <Filter>头文件\openssl</Filter>
    </None>
    <None Include="include\openssl\pkcs7.h.in">
      <Filter>头文件\openssl</Filter>
    </None>
    <None Include="include\openssl\pkcs12.h.in">
      <Filter>头文件\openssl</Filter>
    </None>
    <None Include="include\openssl\safestack.h.in">
      <Filter>头文件\openssl</Filter>
    </None>
    <None Include="include\openssl\srp.h.in">
      <Filter>头文件\openssl</Filter>
    </None>
    <None Include="include\openssl\ssl.h.in">
      <Filter>头文件\openssl</Filter>
    </None>
    <None Include="include\openssl\ui.h.in">
      <Filter>头文件\openssl</Filter>
    </None>
    <None Include="include\openssl\x509.h.in">
      <Filter>头文件\openssl</Filter>
    </None>
    <None Include="include\openssl\x509_acert.h.in">
      <Filter>头文件\openssl</Filter>
    </None>
    <None Include="include\openssl\x509_vfy.h.in">
      <Filter>头文件\openssl</Filter>
    </None>
    <None Include="include\openssl\x509v3.h.in">
      <Filter>头文件\openssl</Filter>
    </None>
  </ItemGroup>
  <ItemGroup>
    <Library Include="lib\libcrypto.lib">
      <Filter>库文件\openssl</Filter>
    </Library>
    <Library Include="lib\libssl.lib">
      <Filter>库文件\openssl</Filter>
    </Library>
  </ItemGroup>
</Project>